
Microsoft Visual Studio Solution File, Format Version 12.00
# Visual Studio Version 17
VisualStudioVersion = 17.7.34024.191
MinimumVisualStudioVersion = 10.0.40219.1
Project("{9A19103F-16F7-4668-BE54-9A1E7A4F7556}") = "ToDoWebAPI", "ToDoWebAPI\ToDoWebAPI.csproj", "{99E00DF8-0072-4BBA-832D-C4F04DB292C5}"
EndProject
Project("{FAE04EC0-301F-11D3-BF4B-00C04F79EFBC}") = "ToDOWebAPI.Tests", "ToDOWebAPI.Tests\ToDOWebAPI.Tests.csproj", "{591DBF61-EE9C-4DC2-BCF0-EDE02CDFF839}"
EndProject
Global
	GlobalSection(SolutionConfigurationPlatforms) = preSolution
		Debug|Any CPU = Debug|Any CPU
		Release|Any CPU = Release|Any CPU
	EndGlobalSection
	GlobalSection(ProjectConfigurationPlatforms) = postSolution
		{99E00DF8-0072-4BBA-832D-C4F04DB292C5}.Debug|Any CPU.ActiveCfg = Debug|Any CPU
		{99E00DF8-0072-4BBA-832D-C4F04DB292C5}.Debug|Any CPU.Build.0 = Debug|Any CPU
		{99E00DF8-0072-4BBA-832D-C4F04DB292C5}.Release|Any CPU.ActiveCfg = Release|Any CPU
		{99E00DF8-0072-4BBA-832D-C4F04DB292C5}.Release|Any CPU.Build.0 = Release|Any CPU
		{591DBF61-EE9C-4DC2-BCF0-EDE02CDFF839}.Debug|Any CPU.ActiveCfg = Debug|Any CPU
		{591DBF61-EE9C-4DC2-BCF0-EDE02CDFF839}.Debug|Any CPU.Build.0 = Debug|Any CPU
		{591DBF61-EE9C-4DC2-BCF0-EDE02CDFF839}.Release|Any CPU.ActiveCfg = Release|Any CPU
		{591DBF61-EE9C-4DC2-BCF0-EDE02CDFF839}.Release|Any CPU.Build.0 = Release|Any CPU
	EndGlobalSection
	GlobalSection(SolutionProperties) = preSolution
		HideSolutionNode = FALSE
	EndGlobalSection
	GlobalSection(ExtensibilityGlobals) = postSolution
		SolutionGuid = {D8588212-A68B-43ED-B037-1BBABDD87F47}
	EndGlobalSection
EndGlobal
